
Microsoft Visual Studio Solution File, Format Version 12.00
# Visual Studio 15
VisualStudioVersion = 15.0.27703.2000
MinimumVisualStudioVersion = 10.0.40219.1
Project("{FAE04EC0-301F-11D3-BF4B-00C04F79EFBC}") = "AnousithExpress.DataEntry", "AnousithExpress.DataEntry\AnousithExpress.DataEntry.csproj", "{018E9CC8-41F7-4C3D-B9DE-C76BD6F9CAF2}"
EndProject
Project("{FAE04EC0-301F-11D3-BF4B-00C04F79EFBC}") = "AnousithExpress.web.mvc", "AnousithExpress.web.mvc\AnousithExpress.web.mvc.csproj", "{49D287A6-F9FA-404D-863F-CF4DFF65C0F4}"
EndProject
Global
	GlobalSection(SolutionConfigurationPlatforms) = preSolution
		Debug|Any CPU = Debug|Any CPU
		Release|Any CPU = Release|Any CPU
	EndGlobalSection
	GlobalSection(ProjectConfigurationPlatforms) = postSolution
		{018E9CC8-41F7-4C3D-B9DE-C76BD6F9CAF2}.Debug|Any CPU.ActiveCfg = Debug|Any CPU
		{018E9CC8-41F7-4C3D-B9DE-C76BD6F9CAF2}.Debug|Any CPU.Build.0 = Debug|Any CPU
		{018E9CC8-41F7-4C3D-B9DE-C76BD6F9CAF2}.Release|Any CPU.ActiveCfg = Release|Any CPU
		{018E9CC8-41F7-4C3D-B9DE-C76BD6F9CAF2}.Release|Any CPU.Build.0 = Release|Any CPU
		{49D287A6-F9FA-404D-863F-CF4DFF65C0F4}.Debug|Any CPU.ActiveCfg = Debug|Any CPU
		{49D287A6-F9FA-404D-863F-CF4DFF65C0F4}.Debug|Any CPU.Build.0 = Debug|Any CPU
		{49D287A6-F9FA-404D-863F-CF4DFF65C0F4}.Release|Any CPU.ActiveCfg = Release|Any CPU
		{49D287A6-F9FA-404D-863F-CF4DFF65C0F4}.Release|Any CPU.Build.0 = Release|Any CPU
	EndGlobalSection
	GlobalSection(SolutionProperties) = preSolution
		HideSolutionNode = FALSE
	EndGlobalSection
	GlobalSection(ExtensibilityGlobals) = postSolution
		SolutionGuid = {9876BBF2-25A7-4BAE-8B3A-593E0499937D}
	EndGlobalSection
EndGlobal
